
Microsoft Visual Studio Solution File, Format Version 12.00
# Visual Studio Version 17
VisualStudioVersion = 17.0.31903.59
MinimumVisualStudioVersion = 10.0.40219.1
Project("{FAE04EC0-301F-11D3-BF4B-00C04F79EFBC}") = "Order.API", "Order.API\Order.API.csproj", "{D4A01559-EE61-47B2-8A4E-CC28F38192BA}"
EndProject
Project("{FAE04EC0-301F-11D3-BF4B-00C04F79EFBC}") = "Order.Application", "Order.Application\Order.Application.csproj", "{C19C1611-C962-4DEC-A285-ABE735F1BE40}"
EndProject
Project("{FAE04EC0-301F-11D3-BF4B-00C04F79EFBC}") = "Order.Domain", "Order.Domain\Order.Domain.csproj", "{04A56469-8844-4F8F-8CE5-59049A6E36BF}"
EndProject
Project("{FAE04EC0-301F-11D3-BF4B-00C04F79EFBC}") = "Order.Infrastructure", "Order.Infrastructure\Order.Infrastructure.csproj", "{D639F0A4-FA0D-47CC-95C3-B87E21E274C1}"
EndProject
Project("{FAE04EC0-301F-11D3-BF4B-00C04F79EFBC}") = "Order.UnitTests", "Order.UnitTests\Order.UnitTests.csproj", "{9F5AB7A4-EFCD-4B39-8D16-D5EA8004C0C2}"
EndProject
Global
	GlobalSection(SolutionConfigurationPlatforms) = preSolution
		Debug|Any CPU = Debug|Any CPU
		Release|Any CPU = Release|Any CPU
	EndGlobalSection
	GlobalSection(SolutionProperties) = preSolution
		HideSolutionNode = FALSE
	EndGlobalSection
	GlobalSection(ProjectConfigurationPlatforms) = postSolution
		{D4A01559-EE61-47B2-8A4E-CC28F38192BA}.Debug|Any CPU.ActiveCfg = Debug|Any CPU
		{D4A01559-EE61-47B2-8A4E-CC28F38192BA}.Debug|Any CPU.Build.0 = Debug|Any CPU
		{D4A01559-EE61-47B2-8A4E-CC28F38192BA}.Release|Any CPU.ActiveCfg = Release|Any CPU
		{D4A01559-EE61-47B2-8A4E-CC28F38192BA}.Release|Any CPU.Build.0 = Release|Any CPU
		{C19C1611-C962-4DEC-A285-ABE735F1BE40}.Debug|Any CPU.ActiveCfg = Debug|Any CPU
		{C19C1611-C962-4DEC-A285-ABE735F1BE40}.Debug|Any CPU.Build.0 = Debug|Any CPU
		{C19C1611-C962-4DEC-A285-ABE735F1BE40}.Release|Any CPU.ActiveCfg = Release|Any CPU
		{C19C1611-C962-4DEC-A285-ABE735F1BE40}.Release|Any CPU.Build.0 = Release|Any CPU
		{04A56469-8844-4F8F-8CE5-59049A6E36BF}.Debug|Any CPU.ActiveCfg = Debug|Any CPU
		{04A56469-8844-4F8F-8CE5-59049A6E36BF}.Debug|Any CPU.Build.0 = Debug|Any CPU
		{04A56469-8844-4F8F-8CE5-59049A6E36BF}.Release|Any CPU.ActiveCfg = Release|Any CPU
		{04A56469-8844-4F8F-8CE5-59049A6E36BF}.Release|Any CPU.Build.0 = Release|Any CPU
		{D639F0A4-FA0D-47CC-95C3-B87E21E274C1}.Debug|Any CPU.ActiveCfg = Debug|Any CPU
		{D639F0A4-FA0D-47CC-95C3-B87E21E274C1}.Debug|Any CPU.Build.0 = Debug|Any CPU
		{D639F0A4-FA0D-47CC-95C3-B87E21E274C1}.Release|Any CPU.ActiveCfg = Release|Any CPU
		{D639F0A4-FA0D-47CC-95C3-B87E21E274C1}.Release|Any CPU.Build.0 = Release|Any CPU
		{9F5AB7A4-EFCD-4B39-8D16-D5EA8004C0C2}.Debug|Any CPU.ActiveCfg = Debug|Any CPU
		{9F5AB7A4-EFCD-4B39-8D16-D5EA8004C0C2}.Debug|Any CPU.Build.0 = Debug|Any CPU
		{9F5AB7A4-EFCD-4B39-8D16-D5EA8004C0C2}.Release|Any CPU.ActiveCfg = Release|Any CPU
		{9F5AB7A4-EFCD-4B39-8D16-D5EA8004C0C2}.Release|Any CPU.Build.0 = Release|Any CPU
	EndGlobalSection
EndGlobal
